
Microsoft Visual Studio Solution File, Format Version 12.00
# Visual Studio Version 17
VisualStudioVersion = 17.5.33103.201
MinimumVisualStudioVersion = 10.0.40219.1
Project("{9A19103F-16F7-4668-BE54-9A1E7A4F7556}") = "API", "API\API.csproj", "{C304DA54-F543-480D-85C9-D9BA995D1F87}"
EndProject
Project("{9A19103F-16F7-4668-BE54-9A1E7A4F7556}") = "DOMAIN", "DOMAIN\DOMAIN.csproj", "{31FC59EA-1A17-432E-AD57-E0A9B2330359}"
EndProject
Project("{FAE04EC0-301F-11D3-BF4B-00C04F79EFBC}") = "FunctionApp", "FunctionApp\FunctionApp.csproj", "{AEB74442-5275-47F9-9B07-83FC3A3F5B4A}"
EndProject
Global
	GlobalSection(SolutionConfigurationPlatforms) = preSolution
		Debug|Any CPU = Debug|Any CPU
		Release|Any CPU = Release|Any CPU
	EndGlobalSection
	GlobalSection(ProjectConfigurationPlatforms) = postSolution
		{C304DA54-F543-480D-85C9-D9BA995D1F87}.Debug|Any CPU.ActiveCfg = Debug|Any CPU
		{C304DA54-F543-480D-85C9-D9BA995D1F87}.Debug|Any CPU.Build.0 = Debug|Any CPU
		{C304DA54-F543-480D-85C9-D9BA995D1F87}.Release|Any CPU.ActiveCfg = Release|Any CPU
		{C304DA54-F543-480D-85C9-D9BA995D1F87}.Release|Any CPU.Build.0 = Release|Any CPU
		{31FC59EA-1A17-432E-AD57-E0A9B2330359}.Debug|Any CPU.ActiveCfg = Debug|Any CPU
		{31FC59EA-1A17-432E-AD57-E0A9B2330359}.Debug|Any CPU.Build.0 = Debug|Any CPU
		{31FC59EA-1A17-432E-AD57-E0A9B2330359}.Release|Any CPU.ActiveCfg = Release|Any CPU
		{31FC59EA-1A17-432E-AD57-E0A9B2330359}.Release|Any CPU.Build.0 = Release|Any CPU
		{AEB74442-5275-47F9-9B07-83FC3A3F5B4A}.Debug|Any CPU.ActiveCfg = Debug|Any CPU
		{AEB74442-5275-47F9-9B07-83FC3A3F5B4A}.Debug|Any CPU.Build.0 = Debug|Any CPU
		{AEB74442-5275-47F9-9B07-83FC3A3F5B4A}.Release|Any CPU.ActiveCfg = Release|Any CPU
		{AEB74442-5275-47F9-9B07-83FC3A3F5B4A}.Release|Any CPU.Build.0 = Release|Any CPU
	EndGlobalSection
	GlobalSection(SolutionProperties) = preSolution
		HideSolutionNode = FALSE
	EndGlobalSection
	GlobalSection(ExtensibilityGlobals) = postSolution
		SolutionGuid = {9CF8A7BB-E956-4795-A290-65D82E4F87C5}
	EndGlobalSection
EndGlobal
